
Microsoft Visual Studio Solution File, Format Version 12.00
# Visual Studio Version 17
VisualStudioVersion = 17.5.002.0
MinimumVisualStudioVersion = 10.0.40219.1
Project("{9A19103F-16F7-4668-BE54-9A1E7A4F7556}") = "test", "test.csproj", "{D3A150DC-69D8-4629-AFC1-5FCAEA65C3BF}"
EndProject
Global
	GlobalSection(SolutionConfigurationPlatforms) = preSolution
		Debug|Any CPU = Debug|Any CPU
		Release|Any CPU = Release|Any CPU
	EndGlobalSection
	GlobalSection(ProjectConfigurationPlatforms) = postSolution
		{D3A150DC-69D8-4629-AFC1-5FCAEA65C3BF}.Debug|Any CPU.ActiveCfg = Debug|Any CPU
		{D3A150DC-69D8-4629-AFC1-5FCAEA65C3BF}.Debug|Any CPU.Build.0 = Debug|Any CPU
		{D3A150DC-69D8-4629-AFC1-5FCAEA65C3BF}.Release|Any CPU.ActiveCfg = Release|Any CPU
		{D3A150DC-69D8-4629-AFC1-5FCAEA65C3BF}.Release|Any CPU.Build.0 = Release|Any CPU
	EndGlobalSection
	GlobalSection(SolutionProperties) = preSolution
		HideSolutionNode = FALSE
	EndGlobalSection
	GlobalSection(ExtensibilityGlobals) = postSolution
		SolutionGuid = {9D28C153-D199-4865-8E46-B77F855E30A8}
	EndGlobalSection
EndGlobal
